
Microsoft Visual Studio Solution File, Format Version 12.00
# Visual Studio Version 16
VisualStudioVersion = 16.0.31911.196
MinimumVisualStudioVersion = 10.0.40219.1
Project("{FAE04EC0-301F-11D3-BF4B-00C04F79EFBC}") = "LFSR", "LFSR.csproj", "{67CF60B6-259A-4F19-92E2-50A2529D0D23}"
EndProject
Global
	GlobalSection(SolutionConfigurationPlatforms) = preSolution
		Debug|Any CPU = Debug|Any CPU
		Release|Any CPU = Release|Any CPU
	EndGlobalSection
	GlobalSection(ProjectConfigurationPlatforms) = postSolution
		{67CF60B6-259A-4F19-92E2-50A2529D0D23}.Debug|Any CPU.ActiveCfg = Debug|Any CPU
		{67CF60B6-259A-4F19-92E2-50A2529D0D23}.Debug|Any CPU.Build.0 = Debug|Any CPU
		{67CF60B6-259A-4F19-92E2-50A2529D0D23}.Release|Any CPU.ActiveCfg = Release|Any CPU
		{67CF60B6-259A-4F19-92E2-50A2529D0D23}.Release|Any CPU.Build.0 = Release|Any CPU
	EndGlobalSection
	GlobalSection(SolutionProperties) = preSolution
		HideSolutionNode = FALSE
	EndGlobalSection
	GlobalSection(ExtensibilityGlobals) = postSolution
		SolutionGuid = {E82FABAE-EDA3-4B24-8065-4B3342183B91}
	EndGlobalSection
EndGlobal
